
Microsoft Visual Studio Solution File, Format Version 12.00
# Visual Studio Version 17
VisualStudioVersion = 17.4.33122.133
MinimumVisualStudioVersion = 10.0.40219.1
Project("{FAE04EC0-301F-11D3-BF4B-00C04F79EFBC}") = "SMS", "SMS\SMS.csproj", "{5A263C6A-8694-4AE9-88C5-40662C67D86F}"
EndProject
Global
	GlobalSection(SolutionConfigurationPlatforms) = preSolution
		Debug|Any CPU = Debug|Any CPU
		Release|Any CPU = Release|Any CPU
	EndGlobalSection
	GlobalSection(ProjectConfigurationPlatforms) = postSolution
		{5A263C6A-8694-4AE9-88C5-40662C67D86F}.Debug|Any CPU.ActiveCfg = Debug|Any CPU
		{5A263C6A-8694-4AE9-88C5-40662C67D86F}.Debug|Any CPU.Build.0 = Debug|Any CPU
		{5A263C6A-8694-4AE9-88C5-40662C67D86F}.Release|Any CPU.ActiveCfg = Release|Any CPU
		{5A263C6A-8694-4AE9-88C5-40662C67D86F}.Release|Any CPU.Build.0 = Release|Any CPU
	EndGlobalSection
	GlobalSection(SolutionProperties) = preSolution
		HideSolutionNode = FALSE
	EndGlobalSection
	GlobalSection(ExtensibilityGlobals) = postSolution
		SolutionGuid = {4E311234-2C80-4E4B-A686-8641A7CAE099}
	EndGlobalSection
EndGlobal
